
Microsoft Visual Studio Solution File, Format Version 12.00
# Visual Studio Version 16
VisualStudioVersion = 16.0.30406.217
MinimumVisualStudioVersion = 10.0.40219.1
Project("{FAE04EC0-301F-11D3-BF4B-00C04F79EFBC}") = "Portfolio", "Portfolio\Portfolio.csproj", "{54F53E29-57C5-4E34-AF0A-1577B3AE21A7}"
EndProject
Project("{FAE04EC0-301F-11D3-BF4B-00C04F79EFBC}") = "DataLibrary", "DataLibrary\DataLibrary.csproj", "{FFBF7C40-4111-44FB-BDA8-C6B6C98D8682}"
EndProject
Project("{00D1A9C2-B5F0-4AF3-8072-F6C62B433612}") = "WebAppDB", "WebAppDB\WebAppDB.sqlproj", "{7F89F008-90B0-4AD9-9D26-88A461E0442B}"
EndProject
Global
	GlobalSection(SolutionConfigurationPlatforms) = preSolution
		Debug|Any CPU = Debug|Any CPU
		Release|Any CPU = Release|Any CPU
	EndGlobalSection
	GlobalSection(ProjectConfigurationPlatforms) = postSolution
		{54F53E29-57C5-4E34-AF0A-1577B3AE21A7}.Debug|Any CPU.ActiveCfg = Debug|Any CPU
		{54F53E29-57C5-4E34-AF0A-1577B3AE21A7}.Debug|Any CPU.Build.0 = Debug|Any CPU
		{54F53E29-57C5-4E34-AF0A-1577B3AE21A7}.Release|Any CPU.ActiveCfg = Release|Any CPU
		{54F53E29-57C5-4E34-AF0A-1577B3AE21A7}.Release|Any CPU.Build.0 = Release|Any CPU
		{FFBF7C40-4111-44FB-BDA8-C6B6C98D8682}.Debug|Any CPU.ActiveCfg = Debug|Any CPU
		{FFBF7C40-4111-44FB-BDA8-C6B6C98D8682}.Debug|Any CPU.Build.0 = Debug|Any CPU
		{FFBF7C40-4111-44FB-BDA8-C6B6C98D8682}.Release|Any CPU.ActiveCfg = Release|Any CPU
		{FFBF7C40-4111-44FB-BDA8-C6B6C98D8682}.Release|Any CPU.Build.0 = Release|Any CPU
		{7F89F008-90B0-4AD9-9D26-88A461E0442B}.Debug|Any CPU.ActiveCfg = Debug|Any CPU
		{7F89F008-90B0-4AD9-9D26-88A461E0442B}.Debug|Any CPU.Build.0 = Debug|Any CPU
		{7F89F008-90B0-4AD9-9D26-88A461E0442B}.Debug|Any CPU.Deploy.0 = Debug|Any CPU
		{7F89F008-90B0-4AD9-9D26-88A461E0442B}.Release|Any CPU.ActiveCfg = Release|Any CPU
		{7F89F008-90B0-4AD9-9D26-88A461E0442B}.Release|Any CPU.Build.0 = Release|Any CPU
		{7F89F008-90B0-4AD9-9D26-88A461E0442B}.Release|Any CPU.Deploy.0 = Release|Any CPU
	EndGlobalSection
	GlobalSection(SolutionProperties) = preSolution
		HideSolutionNode = FALSE
	EndGlobalSection
	GlobalSection(ExtensibilityGlobals) = postSolution
		SolutionGuid = {FB0D0498-81C6-4400-83BF-5149A616BAB2}
	EndGlobalSection
EndGlobal
